// !$*UTF8*$!
{
	archiveVersion = 1;
	classes = {
	};
	objectVersion = 50;
	objects = {

/* Begin PBXBuildFile section */
		046117DC2667483200D28CFB /* AppDelegate.swift in Sources */ = {isa = PBXBuildFile; fileRef = 046117DB2667483200D28CFB /* AppDelegate.swift */; };
		046117DE2667483200D28CFB /* SceneDelegate.swift in Sources */ = {isa = PBXBuildFile; fileRef = 046117DD2667483200D28CFB /* SceneDelegate.swift */; };
		046117E02667483200D28CFB /* ViewController.swift in Sources */ = {isa = PBXBuildFile; fileRef = 046117DF2667483200D28CFB /* ViewController.swift */; };
		046117E32667483200D28CFB /* Main.storyboard in Resources */ = {isa = PBXBuildFile; fileRef = 046117E12667483200D28CFB /* Main.storyboard */; };
		046117E52667483600D28CFB /* Assets.xcassets in Resources */ = {isa = PBXBuildFile; fileRef = 046117E42667483600D28CFB /* Assets.xcassets */; };
		046117E82667483600D28CFB /* LaunchScreen.storyboard in Resources */ = {isa = PBXBuildFile; fileRef = 046117E62667483600D28CFB /* LaunchScreen.storyboard */; };
		046117F4266778E400D28CFB /* WeatherViewModel.swift in Sources */ = {isa = PBXBuildFile; fileRef = 046117F3266778E400D28CFB /* WeatherViewModel.swift */; };
		046117F62667791700D28CFB /* WeatherModel.swift in Sources */ = {isa = PBXBuildFile; fileRef = 046117F52667791700D28CFB /* WeatherModel.swift */; };
/* End PBXBuildFile section */

/* Begin PBXFileReference section */
		046117D82667483200D28CFB /* AviWeather.app */ = {isa = PBXFileReference; explicitFileType = wrapper.application; includeInIndex = 0; path = AviWeather.app; sourceTree = BUILT_PRODUCTS_DIR; };
		046117DB2667483200D28CFB /* AppDelegate.swift */ = {isa = PBXFileReference; lastKnownFileType = sourcecode.swift; path = AppDelegate.swift; sourceTree = "<group>"; };
		046117DD2667483200D28CFB /* SceneDelegate.swift */ = {isa = PBXFileReference; lastKnownFileType = sourcecode.swift; path = SceneDelegate.swift; sourceTree = "<group>"; };
		046117DF2667483200D28CFB /* ViewController.swift */ = {isa = PBXFileReference; lastKnownFileType = sourcecode.swift; path = ViewController.swift; sourceTree = "<group>"; };
		046117E22667483200D28CFB /* Base */ = {isa = PBXFileReference; lastKnownFileType = file.storyboard; name = Base; path = Base.lproj/Main.storyboard; sourceTree = "<group>"; };
		046117E42667483600D28CFB /* Assets.xcassets */ = {isa = PBXFileReference; lastKnownFileType = folder.assetcatalog; path = Assets.xcassets; sourceTree = "<group>"; };
		046117E72667483600D28CFB /* Base */ = {isa = PBXFileReference; lastKnownFileType = file.storyboard; name = Base; path = Base.lproj/LaunchScreen.storyboard; sourceTree = "<group>"; };
		046117E92667483600D28CFB /* Info.plist */ = {isa = PBXFileReference; lastKnownFileType = text.plist.xml; path = Info.plist; sourceTree = "<group>"; };
		046117F3266778E400D28CFB /* WeatherViewModel.swift */ = {isa = PBXFileReference; lastKnownFileType = sourcecode.swift; path = WeatherViewModel.swift; sourceTree = "<group>"; };
		046117F52667791700D28CFB /* WeatherModel.swift */ = {isa = PBXFileReference; lastKnownFileType = sourcecode.swift; path = WeatherModel.swift; sourceTree = "<group>"; };
/* End PBXFileReference section */

/* Begin PBXFrameworksBuildPhase section */
		046117D52667483200D28CFB /* Frameworks */ = {
			isa = PBXFrameworksBuildPhase;
			buildActionMask = 2147483647;
			files = (
			);
			runOnlyForDeploymentPostprocessing = 0;
		};
/* End PBXFrameworksBuildPhase section */

/* Begin PBXGroup section */
		046117CF2667483200D28CFB = {
			isa = PBXGroup;
			children = (
				046117DA2667483200D28CFB /* AviWeather */,
				046117D92667483200D28CFB /* Products */,
			);
			sourceTree = "<group>";
		};
		046117D92667483200D28CFB /* Products */ = {
			isa = PBXGroup;
			children = (
				046117D82667483200D28CFB /* AviWeather.app */,
			);
			name = Products;
			sourceTree = "<group>";
		};
		046117DA2667483200D28CFB /* AviWeather */ = {
			isa = PBXGroup;
			children = (
				046117F92667795200D28CFB /* Application */,
				046117F72667791A00D28CFB /* Model */,
				046117EF266778A100D28CFB /* View */,
				046117F2266778C200D28CFB /* ViewModel */,
				046117FA2667796300D28CFB /* Storyboard */,
				046117E42667483600D28CFB /* Assets.xcassets */,
				046117E62667483600D28CFB /* LaunchScreen.storyboard */,
				046117E92667483600D28CFB /* Info.plist */,
			);
			path = AviWeather;
			sourceTree = "<group>";
		};
		046117EF266778A100D28CFB /* View */ = {
			isa = PBXGroup;
			children = (
				046117DF2667483200D28CFB /* ViewController.swift */,
			);
			path = View;
			sourceTree = "<group>";
		};
		046117F2266778C200D28CFB /* ViewModel */ = {
			isa = PBXGroup;
			children = (
				046117F3266778E400D28CFB /* WeatherViewModel.swift */,
			);
			path = ViewModel;
			sourceTree = "<group>";
		};
		046117F72667791A00D28CFB /* Model */ = {
			isa = PBXGroup;
			children = (
				046117F52667791700D28CFB /* WeatherModel.swift */,
			);
			path = Model;
			sourceTree = "<group>";
		};
		046117F92667795200D28CFB /* Application */ = {
			isa = PBXGroup;
			children = (
				046117DD2667483200D28CFB /* SceneDelegate.swift */,
				046117DB2667483200D28CFB /* AppDelegate.swift */,
			);
			path = Application;
			sourceTree = "<group>";
		};
		046117FA2667796300D28CFB /* Storyboard */ = {
			isa = PBXGroup;
			children = (
				046117E12667483200D28CFB /* Main.storyboard */,
			);
			path = Storyboard;
			sourceTree = "<group>";
		};
/* End PBXGroup section */

/* Begin PBXNativeTarget section */
		046117D72667483200D28CFB /* AviWeather */ = {
			isa = PBXNativeTarget;
			buildConfigurationList = 046117EC2667483600D28CFB /* Build configuration list for PBXNativeTarget "AviWeather" */;
			buildPhases = (
				046117D42667483200D28CFB /* Sources */,
				046117D52667483200D28CFB /* Frameworks */,
				046117D62667483200D28CFB /* Resources */,
			);
			buildRules = (
			);
			dependencies = (
			);
			name = AviWeather;
			productName = AviWeather;
			productReference = 046117D82667483200D28CFB /* AviWeather.app */;
			productType = "com.apple.product-type.application";
		};
/* End PBXNativeTarget section */

/* Begin PBXProject section */
		046117D02667483200D28CFB /* Project object */ = {
			isa = PBXProject;
			attributes = {
				LastSwiftUpdateCheck = 1250;
				LastUpgradeCheck = 1250;
				TargetAttributes = {
					046117D72667483200D28CFB = {
						CreatedOnToolsVersion = 12.5;
					};
				};
			};
			buildConfigurationList = 046117D32667483200D28CFB /* Build configuration list for PBXProject "AviWeather" */;
			compatibilityVersion = "Xcode 9.3";
			developmentRegion = en;
			hasScannedForEncodings = 0;
			knownRegions = (
				en,
				Base,
			);
			mainGroup = 046117CF2667483200D28CFB;
			productRefGroup = 046117D92667483200D28CFB /* Products */;
			projectDirPath = "";
			projectRoot = "";
			targets = (
				046117D72667483200D28CFB /* AviWeather */,
			);
		};
/* End PBXProject section */

/* Begin PBXResourcesBuildPhase section */
		046117D62667483200D28CFB /* Resources */ = {
			isa = PBXResourcesBuildPhase;
			buildActionMask = 2147483647;
			files = (
				046117E82667483600D28CFB /* LaunchScreen.storyboard in Resources */,
				046117E52667483600D28CFB /* Assets.xcassets in Resources */,
				046117E32667483200D28CFB /* Main.storyboard in Resources */,
			);
			runOnlyForDeploymentPostprocessing = 0;
		};
/* End PBXResourcesBuildPhase section */

/* Begin PBXSourcesBuildPhase section */
		046117D42667483200D28CFB /* Sources */ = {
			isa = PBXSourcesBuildPhase;
			buildActionMask = 2147483647;
			files = (
				046117E02667483200D28CFB /* ViewController.swift in Sources */,
				046117F4266778E400D28CFB /* WeatherViewModel.swift in Sources */,
				046117DC2667483200D28CFB /* AppDelegate.swift in Sources */,
				046117DE2667483200D28CFB /* SceneDelegate.swift in Sources */,
				046117F62667791700D28CFB /* WeatherModel.swift in Sources */,
			);
			runOnlyForDeploymentPostprocessing = 0;
		};
/* End PBXSourcesBuildPhase section */

/* Begin PBXVariantGroup section */
		046117E12667483200D28CFB /* Main.storyboard */ = {
			isa = PBXVariantGroup;
			children = (
				046117E22667483200D28CFB /* Base */,
			);
			name = Main.storyboard;
			sourceTree = "<group>";
		};
		046117E62667483600D28CFB /* LaunchScreen.storyboard */ = {
			isa = PBXVariantGroup;
			children = (
				046117E72667483600D28CFB /* Base */,
			);
			name = LaunchScreen.storyboard;
			sourceTree = "<group>";
		};
/* End PBXVariantGroup section */

/* Begin XCBuildConfiguration section */
		046117EA2667483600D28CFB /* Debug */ = {
			isa = XCBuildConfiguration;
			buildSettings = {
				ALWAYS_SEARCH_USER_PATHS = NO;
				CLANG_ANALYZER_NONNULL = YES;
				CLANG_ANALYZER_NUMBER_OBJECT_CONVERSION = YES_AGGRESSIVE;
				CLANG_CXX_LANGUAGE_STANDARD = "gnu++14";
				CLANG_CXX_LIBRARY = "libc++";
				CLANG_ENABLE_MODULES = YES;
				CLANG_ENABLE_OBJC_ARC = YES;
				CLANG_ENABLE_OBJC_WEAK = YES;
				CLANG_WARN_BLOCK_CAPTURE_AUTORELEASING = YES;
				CLANG_WARN_BOOL_CONVERSION = YES;
				CLANG_WARN_COMMA = YES;
				CLANG_WARN_CONSTANT_CONVERSION = YES;
				CLANG_WARN_DEPRECATED_OBJC_IMPLEMENTATIONS = YES;
				CLANG_WARN_DIRECT_OBJC_ISA_USAGE = YES_ERROR;
				CLANG_WARN_DOCUMENTATION_COMMENTS = YES;
				CLANG_WARN_EMPTY_BODY = YES;
				CLANG_WARN_ENUM_CONVERSION = YES;
				CLANG_WARN_INFINITE_RECURSION = YES;
				CLANG_WARN_INT_CONVERSION = YES;
				CLANG_WARN_NON_LITERAL_NULL_CONVERSION = YES;
				CLANG_WARN_OBJC_IMPLICIT_RETAIN_SELF = YES;
				CLANG_WARN_OBJC_LITERAL_CONVERSION = YES;
				CLANG_WARN_OBJC_ROOT_CLASS = YES_ERROR;
				CLANG_WARN_QUOTED_INCLUDE_IN_FRAMEWORK_HEADER = YES;
				CLANG_WARN_RANGE_LOOP_ANALYSIS = YES;
				CLANG_WARN_STRICT_PROTOTYPES = YES;
				CLANG_WARN_SUSPICIOUS_MOVE = YES;
				CLANG_WARN_UNGUARDED_AVAILABILITY = YES_AGGRESSIVE;
				CLANG_WARN_UNREACHABLE_CODE = YES;
				CLANG_WARN__DUPLICATE_METHOD_MATCH = YES;
				COPY_PHASE_STRIP = NO;
				DEBUG_INFORMATION_FORMAT = dwarf;
				ENABLE_STRICT_OBJC_MSGSEND = YES;
				ENABLE_TESTABILITY = YES;
				GCC_C_LANGUAGE_STANDARD = gnu11;
				GCC_DYNAMIC_NO_PIC = NO;
				GCC_NO_COMMON_BLOCKS = YES;
				GCC_OPTIMIZATION_LEVEL = 0;
				GCC_PREPROCESSOR_DEFINITIONS = (
					"DEBUG=1",
					"$(inherited)",
				);
				GCC_WARN_64_TO_32_BIT_CONVERSION = YES;
				GCC_WARN_ABOUT_RETURN_TYPE = YES_ERROR;
				GCC_WARN_UNDECLARED_SELECTOR = YES;
				GCC_WARN_UNINITIALIZED_AUTOS = YES_AGGRESSIVE;
				GCC_WARN_UNUSED_FUNCTION = YES;
				GCC_WARN_UNUSED_VARIABLE = YES;
				IPHONEOS_DEPLOYMENT_TARGET = 14.5;
				MTL_ENABLE_DEBUG_INFO = INCLUDE_SOURCE;
				MTL_FAST_MATH = YES;
				ONLY_ACTIVE_ARCH = YES;
				SDKROOT = iphoneos;
				SWIFT_ACTIVE_COMPILATION_CONDITIONS = DEBUG;
				SWIFT_OPTIMIZATION_LEVEL = "-Onone";
			};
			name = Debug;
		};
		046117EB2667483600D28CFB /* Release */ = {
			isa = XCBuildConfiguration;
			buildSettings = {
				ALWAYS_SEARCH_USER_PATHS = NO;
				CLANG_ANALYZER_NONNULL = YES;
				CLANG_ANALYZER_NUMBER_OBJECT_CONVERSION = YES_AGGRESSIVE;
				CLANG_CXX_LANGUAGE_STANDARD = "gnu++14";
				CLANG_CXX_LIBRARY = "libc++";
				CLANG_ENABLE_MODULES = YES;
				CLANG_ENABLE_OBJC_ARC = YES;
				CLANG_ENABLE_OBJC_WEAK = YES;
				CLANG_WARN_BLOCK_CAPTURE_AUTORELEASING = YES;
				CLANG_WARN_BOOL_CONVERSION = YES;
				CLANG_WARN_COMMA = YES;
				CLANG_WARN_CONSTANT_CONVERSION = YES;
				CLANG_WARN_DEPRECATED_OBJC_IMPLEMENTATIONS = YES;
				CLANG_WARN_DIRECT_OBJC_ISA_USAGE = YES_ERROR;
				CLANG_WARN_DOCUMENTATION_COMMENTS = YES;
				CLANG_WARN_EMPTY_BODY = YES;
				CLANG_WARN_ENUM_CONVERSION = YES;
				CLANG_WARN_INFINITE_RECURSION = YES;
				CLANG_WARN_INT_CONVERSION = YES;
				CLANG_WARN_NON_LITERAL_NULL_CONVERSION = YES;
				CLANG_WARN_OBJC_IMPLICIT_RETAIN_SELF = YES;
				CLANG_WARN_OBJC_LITERAL_CONVERSION = YES;
				CLANG_WARN_OBJC_ROOT_CLASS = YES_ERROR;
				CLANG_WARN_QUOTED_INCLUDE_IN_FRAMEWORK_HEADER = YES;
				CLANG_WARN_RANGE_LOOP_ANALYSIS = YES;
				CLANG_WARN_STRICT_PROTOTYPES = YES;
				CLANG_WARN_SUSPICIOUS_MOVE = YES;
				CLANG_WARN_UNGUARDED_AVAILABILITY = YES_AGGRESSIVE;
				CLANG_WARN_UNREACHABLE_CODE = YES;
				CLANG_WARN__DUPLICATE_METHOD_MATCH = YES;
				COPY_PHASE_STRIP = NO;
				DEBUG_INFORMATION_FORMAT = "dwarf-with-dsym";
				ENABLE_NS_ASSERTIONS = NO;
				ENABLE_STRICT_OBJC_MSGSEND = YES;
				GCC_C_LANGUAGE_STANDARD = gnu11;
				GCC_NO_COMMON_BLOCKS = YES;
				GCC_WARN_64_TO_32_BIT_CONVERSION = YES;
				GCC_WARN_ABOUT_RETURN_TYPE = YES_ERROR;
				GCC_WARN_UNDECLARED_SELECTOR = YES;
				GCC_WARN_UNINITIALIZED_AUTOS = YES_AGGRESSIVE;
				GCC_WARN_UNUSED_FUNCTION = YES;
				GCC_WARN_UNUSED_VARIABLE = YES;
				IPHONEOS_DEPLOYMENT_TARGET = 14.5;
				MTL_ENABLE_DEBUG_INFO = NO;
				MTL_FAST_MATH = YES;
				SDKROOT = iphoneos;
				SWIFT_COMPILATION_MODE = wholemodule;
				SWIFT_OPTIMIZATION_LEVEL = "-O";
				VALIDATE_PRODUCT = YES;
			};
			name = Release;
		};
		046117ED2667483600D28CFB /* Debug */ = {
			isa = XCBuildConfiguration;
			buildSettings = {
				ASSETCATALOG_COMPILER_APPICON_NAME = AppIcon;
				ASSETCATALOG_COMPILER_GLOBAL_ACCENT_COLOR_NAME = AccentColor;
				CODE_SIGN_STYLE = Automatic;
				DEVELOPMENT_TEAM = N3P8URX7UV;
				INFOPLIST_FILE = AviWeather/Info.plist;
				LD_RUNPATH_SEARCH_PATHS = (
					"$(inherited)",
					"@executable_path/Frameworks",
				);
				PRODUCT_BUNDLE_IDENTIFIER = com.productions.fritzgt.AviWeather;
				PRODUCT_NAME = "$(TARGET_NAME)";
				SWIFT_VERSION = 5.0;
				TARGETED_DEVICE_FAMILY = "1,2";
			};
			name = Debug;
		};
		046117EE2667483600D28CFB /* Release */ = {
			isa = XCBuildConfiguration;
			buildSettings = {
				ASSETCATALOG_COMPILER_APPICON_NAME = AppIcon;
				ASSETCATALOG_COMPILER_GLOBAL_ACCENT_COLOR_NAME = AccentColor;
				CODE_SIGN_STYLE = Automatic;
				DEVELOPMENT_TEAM = N3P8URX7UV;
				INFOPLIST_FILE = AviWeather/Info.plist;
				LD_RUNPATH_SEARCH_PATHS = (
					"$(inherited)",
					"@executable_path/Frameworks",
				);
				PRODUCT_BUNDLE_IDENTIFIER = com.productions.fritzgt.AviWeather;
				PRODUCT_NAME = "$(TARGET_NAME)";
				SWIFT_VERSION = 5.0;
				TARGETED_DEVICE_FAMILY = "1,2";
			};
			name = Release;
		};
/* End XCBuildConfiguration section */

/* Begin XCConfigurationList section */
		046117D32667483200D28CFB /* Build configuration list for PBXProject "AviWeather" */ = {
			isa = XCConfigurationList;
			buildConfigurations = (
				046117EA2667483600D28CFB /* Debug */,
				046117EB2667483600D28CFB /* Release */,
			);
			defaultConfigurationIsVisible = 0;
			defaultConfigurationName = Release;
		};
		046117EC2667483600D28CFB /* Build configuration list for PBXNativeTarget "AviWeather" */ = {
			isa = XCConfigurationList;
			buildConfigurations = (
				046117ED2667483600D28CFB /* Debug */,
				046117EE2667483600D28CFB /* Release */,
			);
			defaultConfigurationIsVisible = 0;
			defaultConfigurationName = Release;
		};
/* End XCConfigurationList section */
	};
	rootObject = 046117D02667483200D28CFB /* Project object */;
}
